
Microsoft Visual Studio Solution File, Format Version 12.00
# Visual Studio Version 16
VisualStudioVersion = 16.0.29519.181
MinimumVisualStudioVersion = 10.0.40219.1
Project("{FAE04EC0-301F-11D3-BF4B-00C04F79EFBC}") = "WpfWebView", "WpfWebView\WpfWebView.csproj", "{D3BE3CD8-FD4C-4DAC-8015-4E476F10F8B6}"
EndProject
Global
	GlobalSection(SolutionConfigurationPlatforms) = preSolution
		Debug|Any CPU = Debug|Any CPU
		Release|Any CPU = Release|Any CPU
	EndGlobalSection
	GlobalSection(ProjectConfigurationPlatforms) = postSolution
		{D3BE3CD8-FD4C-4DAC-8015-4E476F10F8B6}.Debug|Any CPU.ActiveCfg = Debug|Any CPU
		{D3BE3CD8-FD4C-4DAC-8015-4E476F10F8B6}.Debug|Any CPU.Build.0 = Debug|Any CPU
		{D3BE3CD8-FD4C-4DAC-8015-4E476F10F8B6}.Release|Any CPU.ActiveCfg = Release|Any CPU
		{D3BE3CD8-FD4C-4DAC-8015-4E476F10F8B6}.Release|Any CPU.Build.0 = Release|Any CPU
	EndGlobalSection
	GlobalSection(SolutionProperties) = preSolution
		HideSolutionNode = FALSE
	EndGlobalSection
	GlobalSection(ExtensibilityGlobals) = postSolution
		SolutionGuid = {1A108985-68BF-47B6-B4F6-462F7EB24F61}
	EndGlobalSection
EndGlobal
